# This file is autogenerated, do not edit; changes may be undone by the next 'dep ensure'.


[[projects]]
  name = "code.cloudfoundry.org/cli"
  packages = ["plugin","plugin/models"]
  revision = "d26b32dcc99673aaa956921ad24fc9140c6316dd"
  version = "v6.27.0"

[solve-meta]
  analyzer-name = "dep"
  analyzer-version = 1
  inputs-digest = "ba58671d862e9711505b4149eb04ae6b80183520e050cb619132ecc197dce140"
  solver-name = "gps-cdcl"
  solver-version = 1
